{
  "name": "qr-code-generator",
  "version": "1.0.0",
  "lockfileVersion": 3,
  "requires": true,
  "packages": {
    "": {
      "name": "qr-code-generator",
      "version": "1.0.0",
      "license": "MIT",
      "dependencies": {
        "@fontsource/adwaita-sans": "^5.3.0",
        "bootstrap": "^5.3.8",
        "lucide-static": "^1.50.0",
        "qrcode-svg": "^1.1.0"
      }
    },
    "node_modules/@fontsource/adwaita-sans": {
      "version": "5.3.0",
      "resolved": "https://registry.npmjs.org/@fontsource/adwaita-sans/-/adwaita-sans-5.3.0.tgz",
      "integrity": "sha512-uv3c6Pu0ArIy2d8xYfd+hU6iSSFmxDHJO012dt6qLtCHqFw0YFC4ShZIZU8+ZQ9BVJkM//Gw8oDqcGpzE9OwSQ==",
      "license": "OFL-1.1",
      "funding": {
        "url": "https://github.com/sponsors/ayuhito"
      }
    },
    "node_modules/@popperjs/core": {
      "version": "2.11.8",
      "resolved": "https://registry.npmjs.org/@popperjs/core/-/core-2.11.8.tgz",
      "integrity": "sha512-P1st0aksCrn9sGZhp8GMYwBnQsbvAWsZAX44oXNNvLHGqAOcoVxmjZiohstwQ7SqKnbR47akdNi+uleWD8+g6A==",
      "license": "MIT",
      "peer": true,
      "funding": {
        "type": "opencollective",
        "url": "https://opencollective.com/popperjs"
      }
    },
    "node_modules/bootstrap": {
      "version": "5.3.8",
      "resolved": "https://registry.npmjs.org/bootstrap/-/bootstrap-5.3.8.tgz",
      "integrity": "sha512-HP1SZDqaLDPwsNiqRqi5NcP0SSXciX2s9E+RyqJIIqGo+vJeN5AJVM98CXmW/Wux0nQ5L7jeWUdplCEf0Ee+tg==",
      "funding": [
        {
          "type": "github",
          "url": "https://github.com/sponsors/twbs"
        },
        {
          "type": "opencollective",
          "url": "https://opencollective.com/bootstrap"
        }
      ],
      "license": "MIT",
      "peerDependencies": {
        "@popperjs/core": "^2.11.8"
      }
    },
    "node_modules/lucide-static": {
      "version": "1.50.0",
      "resolved": "https://registry.npmjs.org/lucide-static/-/lucide-static-1.50.0.tgz",
      "integrity": "sha512-Pge6F5Au0bEBvjaeBIjfU5PsmA43FHdM3s5g3rYqSNWvBO3o7WwDSNQSavwX76z/OoSCjwSVbQpGA9lqKud/WA==",
      "license": "ISC"
    },
    "node_modules/qrcode-svg": {
      "version": "1.1.0",
      "resolved": "https://registry.npmjs.org/qrcode-svg/-/qrcode-svg-1.1.0.tgz",
      "integrity": "sha512-XyQCIXux1zEIA3NPb0AeR8UMYvXZzWEhgdBgBjH9gO7M48H9uoHzviNz8pXw3UzrAcxRRRn9gxHewAVK7bn9qw==",
      "license": "MIT",
      "bin": {
        "qrcode-svg": "bin/qrcode-svg.js"
      }
    }
  }
}
